
Microsoft Visual Studio Solution File, Format Version 12.00
# Visual Studio 15
VisualStudioVersion = 15.0.26124.0
MinimumVisualStudioVersion = 15.0.26124.0
Project("{2150E333-8FDC-42A3-9474-1A3956D46DE8}") = "src", "src", "{8BA9B589-FB44-4A8C-AE55-9FC3AB886B18}"
EndProject
Project("{9A19103F-16F7-4668-BE54-9A1E7A4F7556}") = "ApiAuthorization", "src\ApiAuthorization\ApiAuthorization.csproj", "{ABA5F316-682E-4F23-A549-D516A8501B41}"
EndProject
Project("{9A19103F-16F7-4668-BE54-9A1E7A4F7556}") = "Client", "src\Client\Client.csproj", "{C3F7E314-FCC0-42ED-A228-FD14AC81E35A}"
EndProject
Project("{9A19103F-16F7-4668-BE54-9A1E7A4F7556}") = "PasswordDatabase", "src\PasswordDatabase\PasswordDatabase.csproj", "{64B42B8B-2E74-408A-8FAB-0A87B86F760C}"
EndProject
Project("{2150E333-8FDC-42A3-9474-1A3956D46DE8}") = "Solution Items", "Solution Items", "{B6806831-6E55-4F1C-AA86-B32AF99D884B}"
	ProjectSection(SolutionItems) = preProject
		Directory.Build.props = Directory.Build.props
		global.json = global.json
	EndProjectSection
EndProject
Global
	GlobalSection(SolutionConfigurationPlatforms) = preSolution
		Debug|Any CPU = Debug|Any CPU
		Debug|x64 = Debug|x64
		Debug|x86 = Debug|x86
		Release|Any CPU = Release|Any CPU
		Release|x64 = Release|x64
		Release|x86 = Release|x86
	EndGlobalSection
	GlobalSection(ProjectConfigurationPlatforms) = postSolution
		{ABA5F316-682E-4F23-A549-D516A8501B41}.Debug|Any CPU.ActiveCfg = Debug|Any CPU
		{ABA5F316-682E-4F23-A549-D516A8501B41}.Debug|Any CPU.Build.0 = Debug|Any CPU
		{ABA5F316-682E-4F23-A549-D516A8501B41}.Debug|x64.ActiveCfg = Debug|Any CPU
		{ABA5F316-682E-4F23-A549-D516A8501B41}.Debug|x64.Build.0 = Debug|Any CPU
		{ABA5F316-682E-4F23-A549-D516A8501B41}.Debug|x86.ActiveCfg = Debug|Any CPU
		{ABA5F316-682E-4F23-A549-D516A8501B41}.Debug|x86.Build.0 = Debug|Any CPU
		{ABA5F316-682E-4F23-A549-D516A8501B41}.Release|Any CPU.ActiveCfg = Release|Any CPU
		{ABA5F316-682E-4F23-A549-D516A8501B41}.Release|Any CPU.Build.0 = Release|Any CPU
		{ABA5F316-682E-4F23-A549-D516A8501B41}.Release|x64.ActiveCfg = Release|Any CPU
		{ABA5F316-682E-4F23-A549-D516A8501B41}.Release|x64.Build.0 = Release|Any CPU
		{ABA5F316-682E-4F23-A549-D516A8501B41}.Release|x86.ActiveCfg = Release|Any CPU
		{ABA5F316-682E-4F23-A549-D516A8501B41}.Release|x86.Build.0 = Release|Any CPU
		{C3F7E314-FCC0-42ED-A228-FD14AC81E35A}.Debug|Any CPU.ActiveCfg = Debug|Any CPU
		{C3F7E314-FCC0-42ED-A228-FD14AC81E35A}.Debug|Any CPU.Build.0 = Debug|Any CPU
		{C3F7E314-FCC0-42ED-A228-FD14AC81E35A}.Debug|x64.ActiveCfg = Debug|Any CPU
		{C3F7E314-FCC0-42ED-A228-FD14AC81E35A}.Debug|x64.Build.0 = Debug|Any CPU
		{C3F7E314-FCC0-42ED-A228-FD14AC81E35A}.Debug|x86.ActiveCfg = Debug|Any CPU
		{C3F7E314-FCC0-42ED-A228-FD14AC81E35A}.Debug|x86.Build.0 = Debug|Any CPU
		{C3F7E314-FCC0-42ED-A228-FD14AC81E35A}.Release|Any CPU.ActiveCfg = Release|Any CPU
		{C3F7E314-FCC0-42ED-A228-FD14AC81E35A}.Release|Any CPU.Build.0 = Release|Any CPU
		{C3F7E314-FCC0-42ED-A228-FD14AC81E35A}.Release|x64.ActiveCfg = Release|Any CPU
		{C3F7E314-FCC0-42ED-A228-FD14AC81E35A}.Release|x64.Build.0 = Release|Any CPU
		{C3F7E314-FCC0-42ED-A228-FD14AC81E35A}.Release|x86.ActiveCfg = Release|Any CPU
		{C3F7E314-FCC0-42ED-A228-FD14AC81E35A}.Release|x86.Build.0 = Release|Any CPU
		{64B42B8B-2E74-408A-8FAB-0A87B86F760C}.Debug|Any CPU.ActiveCfg = Debug|Any CPU
		{64B42B8B-2E74-408A-8FAB-0A87B86F760C}.Debug|Any CPU.Build.0 = Debug|Any CPU
		{64B42B8B-2E74-408A-8FAB-0A87B86F760C}.Debug|x64.ActiveCfg = Debug|Any CPU
		{64B42B8B-2E74-408A-8FAB-0A87B86F760C}.Debug|x64.Build.0 = Debug|Any CPU
		{64B42B8B-2E74-408A-8FAB-0A87B86F760C}.Debug|x86.ActiveCfg = Debug|Any CPU
		{64B42B8B-2E74-408A-8FAB-0A87B86F760C}.Debug|x86.Build.0 = Debug|Any CPU
		{64B42B8B-2E74-408A-8FAB-0A87B86F760C}.Release|Any CPU.ActiveCfg = Release|Any CPU
		{64B42B8B-2E74-408A-8FAB-0A87B86F760C}.Release|Any CPU.Build.0 = Release|Any CPU
		{64B42B8B-2E74-408A-8FAB-0A87B86F760C}.Release|x64.ActiveCfg = Release|Any CPU
		{64B42B8B-2E74-408A-8FAB-0A87B86F760C}.Release|x64.Build.0 = Release|Any CPU
		{64B42B8B-2E74-408A-8FAB-0A87B86F760C}.Release|x86.ActiveCfg = Release|Any CPU
		{64B42B8B-2E74-408A-8FAB-0A87B86F760C}.Release|x86.Build.0 = Release|Any CPU
	EndGlobalSection
	GlobalSection(SolutionProperties) = preSolution
		HideSolutionNode = FALSE
	EndGlobalSection
	GlobalSection(NestedProjects) = preSolution
		{ABA5F316-682E-4F23-A549-D516A8501B41} = {8BA9B589-FB44-4A8C-AE55-9FC3AB886B18}
		{C3F7E314-FCC0-42ED-A228-FD14AC81E35A} = {8BA9B589-FB44-4A8C-AE55-9FC3AB886B18}
		{64B42B8B-2E74-408A-8FAB-0A87B86F760C} = {8BA9B589-FB44-4A8C-AE55-9FC3AB886B18}
	EndGlobalSection
	GlobalSection(ExtensibilityGlobals) = postSolution
		SolutionGuid = {B5ACD508-64A0-48D6-8E65-779B78D9796C}
	EndGlobalSection
EndGlobal
