
Microsoft Visual Studio Solution File, Format Version 12.00
# Visual Studio 15
VisualStudioVersion = 15.0.26124.0
MinimumVisualStudioVersion = 15.0.26124.0
Project("{2150E333-8FDC-42A3-9474-1A3956D46DE8}") = "src", "src", "{8B90D55B-9443-4A1F-B78E-C4D1B91F6E2A}"
EndProject
Project("{FAE04EC0-301F-11D3-BF4B-00C04F79EFBC}") = "ApiAuthorization", "src\ApiAuthorization\ApiAuthorization.csproj", "{FD9FD3DC-EC64-4B2F-BE9F-C7FBA406FC61}"
EndProject
Project("{FAE04EC0-301F-11D3-BF4B-00C04F79EFBC}") = "Client", "src\Client\Client.csproj", "{8EA97721-B039-47F8-A487-4267BCF0FDA2}"
EndProject
Project("{FAE04EC0-301F-11D3-BF4B-00C04F79EFBC}") = "Password", "src\Password\Password.csproj", "{1951F1AE-4406-4D49-A34F-DF5A539C6125}"
EndProject
Global
	GlobalSection(SolutionConfigurationPlatforms) = preSolution
		Debug|Any CPU = Debug|Any CPU
		Debug|x64 = Debug|x64
		Debug|x86 = Debug|x86
		Release|Any CPU = Release|Any CPU
		Release|x64 = Release|x64
		Release|x86 = Release|x86
	EndGlobalSection
	GlobalSection(SolutionProperties) = preSolution
		HideSolutionNode = FALSE
	EndGlobalSection
	GlobalSection(ProjectConfigurationPlatforms) = postSolution
		{FD9FD3DC-EC64-4B2F-BE9F-C7FBA406FC61}.Debug|Any CPU.ActiveCfg = Debug|Any CPU
		{FD9FD3DC-EC64-4B2F-BE9F-C7FBA406FC61}.Debug|Any CPU.Build.0 = Debug|Any CPU
		{FD9FD3DC-EC64-4B2F-BE9F-C7FBA406FC61}.Debug|x64.ActiveCfg = Debug|Any CPU
		{FD9FD3DC-EC64-4B2F-BE9F-C7FBA406FC61}.Debug|x64.Build.0 = Debug|Any CPU
		{FD9FD3DC-EC64-4B2F-BE9F-C7FBA406FC61}.Debug|x86.ActiveCfg = Debug|Any CPU
		{FD9FD3DC-EC64-4B2F-BE9F-C7FBA406FC61}.Debug|x86.Build.0 = Debug|Any CPU
		{FD9FD3DC-EC64-4B2F-BE9F-C7FBA406FC61}.Release|Any CPU.ActiveCfg = Release|Any CPU
		{FD9FD3DC-EC64-4B2F-BE9F-C7FBA406FC61}.Release|Any CPU.Build.0 = Release|Any CPU
		{FD9FD3DC-EC64-4B2F-BE9F-C7FBA406FC61}.Release|x64.ActiveCfg = Release|Any CPU
		{FD9FD3DC-EC64-4B2F-BE9F-C7FBA406FC61}.Release|x64.Build.0 = Release|Any CPU
		{FD9FD3DC-EC64-4B2F-BE9F-C7FBA406FC61}.Release|x86.ActiveCfg = Release|Any CPU
		{FD9FD3DC-EC64-4B2F-BE9F-C7FBA406FC61}.Release|x86.Build.0 = Release|Any CPU
		{8EA97721-B039-47F8-A487-4267BCF0FDA2}.Debug|Any CPU.ActiveCfg = Debug|Any CPU
		{8EA97721-B039-47F8-A487-4267BCF0FDA2}.Debug|Any CPU.Build.0 = Debug|Any CPU
		{8EA97721-B039-47F8-A487-4267BCF0FDA2}.Debug|x64.ActiveCfg = Debug|Any CPU
		{8EA97721-B039-47F8-A487-4267BCF0FDA2}.Debug|x64.Build.0 = Debug|Any CPU
		{8EA97721-B039-47F8-A487-4267BCF0FDA2}.Debug|x86.ActiveCfg = Debug|Any CPU
		{8EA97721-B039-47F8-A487-4267BCF0FDA2}.Debug|x86.Build.0 = Debug|Any CPU
		{8EA97721-B039-47F8-A487-4267BCF0FDA2}.Release|Any CPU.ActiveCfg = Release|Any CPU
		{8EA97721-B039-47F8-A487-4267BCF0FDA2}.Release|Any CPU.Build.0 = Release|Any CPU
		{8EA97721-B039-47F8-A487-4267BCF0FDA2}.Release|x64.ActiveCfg = Release|Any CPU
		{8EA97721-B039-47F8-A487-4267BCF0FDA2}.Release|x64.Build.0 = Release|Any CPU
		{8EA97721-B039-47F8-A487-4267BCF0FDA2}.Release|x86.ActiveCfg = Release|Any CPU
		{8EA97721-B039-47F8-A487-4267BCF0FDA2}.Release|x86.Build.0 = Release|Any CPU
		{1951F1AE-4406-4D49-A34F-DF5A539C6125}.Debug|Any CPU.ActiveCfg = Debug|Any CPU
		{1951F1AE-4406-4D49-A34F-DF5A539C6125}.Debug|Any CPU.Build.0 = Debug|Any CPU
		{1951F1AE-4406-4D49-A34F-DF5A539C6125}.Debug|x64.ActiveCfg = Debug|Any CPU
		{1951F1AE-4406-4D49-A34F-DF5A539C6125}.Debug|x64.Build.0 = Debug|Any CPU
		{1951F1AE-4406-4D49-A34F-DF5A539C6125}.Debug|x86.ActiveCfg = Debug|Any CPU
		{1951F1AE-4406-4D49-A34F-DF5A539C6125}.Debug|x86.Build.0 = Debug|Any CPU
		{1951F1AE-4406-4D49-A34F-DF5A539C6125}.Release|Any CPU.ActiveCfg = Release|Any CPU
		{1951F1AE-4406-4D49-A34F-DF5A539C6125}.Release|Any CPU.Build.0 = Release|Any CPU
		{1951F1AE-4406-4D49-A34F-DF5A539C6125}.Release|x64.ActiveCfg = Release|Any CPU
		{1951F1AE-4406-4D49-A34F-DF5A539C6125}.Release|x64.Build.0 = Release|Any CPU
		{1951F1AE-4406-4D49-A34F-DF5A539C6125}.Release|x86.ActiveCfg = Release|Any CPU
		{1951F1AE-4406-4D49-A34F-DF5A539C6125}.Release|x86.Build.0 = Release|Any CPU
	EndGlobalSection
	GlobalSection(NestedProjects) = preSolution
		{FD9FD3DC-EC64-4B2F-BE9F-C7FBA406FC61} = {8B90D55B-9443-4A1F-B78E-C4D1B91F6E2A}
		{8EA97721-B039-47F8-A487-4267BCF0FDA2} = {8B90D55B-9443-4A1F-B78E-C4D1B91F6E2A}
		{1951F1AE-4406-4D49-A34F-DF5A539C6125} = {8B90D55B-9443-4A1F-B78E-C4D1B91F6E2A}
	EndGlobalSection
EndGlobal
