
Microsoft Visual Studio Solution File, Format Version 12.00
# Visual Studio 15
VisualStudioVersion = 15.0.26124.0
MinimumVisualStudioVersion = 15.0.26124.0
Project("{2150E333-8FDC-42A3-9474-1A3956D46DE8}") = "Solution Items", "Solution Items", "{FFD38461-5841-438C-99AF-5181985793EA}"
	ProjectSection(SolutionItems) = preProject
		Directory.Build.props = Directory.Build.props
		global.json = global.json
	EndProjectSection
EndProject
Project("{2150E333-8FDC-42A3-9474-1A3956D46DE8}") = "src", "src", "{772FCA02-CA7A-4C74-8BBA-143959E5A1DD}"
EndProject
Project("{FAE04EC0-301F-11D3-BF4B-00C04F79EFBC}") = "ApiAuthorization", "src\ApiAuthorization\ApiAuthorization.csproj", "{0AF6EF9A-AA51-4B15-9024-8DD250E8BEA6}"
EndProject
Project("{FAE04EC0-301F-11D3-BF4B-00C04F79EFBC}") = "Client", "src\Client\Client.csproj", "{340AB099-83E0-4DA9-AAA2-6D27D0347C51}"
EndProject
Project("{FAE04EC0-301F-11D3-BF4B-00C04F79EFBC}") = "ClientCredentialsDatabase", "src\ClientCredentialsDatabase\ClientCredentialsDatabase.csproj", "{EAC18BFE-0079-417E-9E03-015990E938F9}"
EndProject
Global
	GlobalSection(SolutionConfigurationPlatforms) = preSolution
		Debug|Any CPU = Debug|Any CPU
		Debug|x64 = Debug|x64
		Debug|x86 = Debug|x86
		Release|Any CPU = Release|Any CPU
		Release|x64 = Release|x64
		Release|x86 = Release|x86
	EndGlobalSection
	GlobalSection(ProjectConfigurationPlatforms) = postSolution
		{0AF6EF9A-AA51-4B15-9024-8DD250E8BEA6}.Debug|Any CPU.ActiveCfg = Debug|Any CPU
		{0AF6EF9A-AA51-4B15-9024-8DD250E8BEA6}.Debug|Any CPU.Build.0 = Debug|Any CPU
		{0AF6EF9A-AA51-4B15-9024-8DD250E8BEA6}.Debug|x64.ActiveCfg = Debug|Any CPU
		{0AF6EF9A-AA51-4B15-9024-8DD250E8BEA6}.Debug|x64.Build.0 = Debug|Any CPU
		{0AF6EF9A-AA51-4B15-9024-8DD250E8BEA6}.Debug|x86.ActiveCfg = Debug|Any CPU
		{0AF6EF9A-AA51-4B15-9024-8DD250E8BEA6}.Debug|x86.Build.0 = Debug|Any CPU
		{0AF6EF9A-AA51-4B15-9024-8DD250E8BEA6}.Release|Any CPU.ActiveCfg = Release|Any CPU
		{0AF6EF9A-AA51-4B15-9024-8DD250E8BEA6}.Release|Any CPU.Build.0 = Release|Any CPU
		{0AF6EF9A-AA51-4B15-9024-8DD250E8BEA6}.Release|x64.ActiveCfg = Release|Any CPU
		{0AF6EF9A-AA51-4B15-9024-8DD250E8BEA6}.Release|x64.Build.0 = Release|Any CPU
		{0AF6EF9A-AA51-4B15-9024-8DD250E8BEA6}.Release|x86.ActiveCfg = Release|Any CPU
		{0AF6EF9A-AA51-4B15-9024-8DD250E8BEA6}.Release|x86.Build.0 = Release|Any CPU
		{340AB099-83E0-4DA9-AAA2-6D27D0347C51}.Debug|Any CPU.ActiveCfg = Debug|Any CPU
		{340AB099-83E0-4DA9-AAA2-6D27D0347C51}.Debug|Any CPU.Build.0 = Debug|Any CPU
		{340AB099-83E0-4DA9-AAA2-6D27D0347C51}.Debug|x64.ActiveCfg = Debug|Any CPU
		{340AB099-83E0-4DA9-AAA2-6D27D0347C51}.Debug|x64.Build.0 = Debug|Any CPU
		{340AB099-83E0-4DA9-AAA2-6D27D0347C51}.Debug|x86.ActiveCfg = Debug|Any CPU
		{340AB099-83E0-4DA9-AAA2-6D27D0347C51}.Debug|x86.Build.0 = Debug|Any CPU
		{340AB099-83E0-4DA9-AAA2-6D27D0347C51}.Release|Any CPU.ActiveCfg = Release|Any CPU
		{340AB099-83E0-4DA9-AAA2-6D27D0347C51}.Release|Any CPU.Build.0 = Release|Any CPU
		{340AB099-83E0-4DA9-AAA2-6D27D0347C51}.Release|x64.ActiveCfg = Release|Any CPU
		{340AB099-83E0-4DA9-AAA2-6D27D0347C51}.Release|x64.Build.0 = Release|Any CPU
		{340AB099-83E0-4DA9-AAA2-6D27D0347C51}.Release|x86.ActiveCfg = Release|Any CPU
		{340AB099-83E0-4DA9-AAA2-6D27D0347C51}.Release|x86.Build.0 = Release|Any CPU
		{EAC18BFE-0079-417E-9E03-015990E938F9}.Debug|Any CPU.ActiveCfg = Debug|Any CPU
		{EAC18BFE-0079-417E-9E03-015990E938F9}.Debug|Any CPU.Build.0 = Debug|Any CPU
		{EAC18BFE-0079-417E-9E03-015990E938F9}.Debug|x64.ActiveCfg = Debug|Any CPU
		{EAC18BFE-0079-417E-9E03-015990E938F9}.Debug|x64.Build.0 = Debug|Any CPU
		{EAC18BFE-0079-417E-9E03-015990E938F9}.Debug|x86.ActiveCfg = Debug|Any CPU
		{EAC18BFE-0079-417E-9E03-015990E938F9}.Debug|x86.Build.0 = Debug|Any CPU
		{EAC18BFE-0079-417E-9E03-015990E938F9}.Release|Any CPU.ActiveCfg = Release|Any CPU
		{EAC18BFE-0079-417E-9E03-015990E938F9}.Release|Any CPU.Build.0 = Release|Any CPU
		{EAC18BFE-0079-417E-9E03-015990E938F9}.Release|x64.ActiveCfg = Release|Any CPU
		{EAC18BFE-0079-417E-9E03-015990E938F9}.Release|x64.Build.0 = Release|Any CPU
		{EAC18BFE-0079-417E-9E03-015990E938F9}.Release|x86.ActiveCfg = Release|Any CPU
		{EAC18BFE-0079-417E-9E03-015990E938F9}.Release|x86.Build.0 = Release|Any CPU
	EndGlobalSection
	GlobalSection(SolutionProperties) = preSolution
		HideSolutionNode = FALSE
	EndGlobalSection
	GlobalSection(NestedProjects) = preSolution
		{0AF6EF9A-AA51-4B15-9024-8DD250E8BEA6} = {772FCA02-CA7A-4C74-8BBA-143959E5A1DD}
		{340AB099-83E0-4DA9-AAA2-6D27D0347C51} = {772FCA02-CA7A-4C74-8BBA-143959E5A1DD}
		{EAC18BFE-0079-417E-9E03-015990E938F9} = {772FCA02-CA7A-4C74-8BBA-143959E5A1DD}
	EndGlobalSection
	GlobalSection(ExtensibilityGlobals) = postSolution
		SolutionGuid = {ACE3FECD-241F-4CB6-AC24-F96E39370B42}
	EndGlobalSection
EndGlobal
