
Microsoft Visual Studio Solution File, Format Version 12.00
# Visual Studio 15
VisualStudioVersion = 15.0.26124.0
MinimumVisualStudioVersion = 15.0.26124.0
Project("{2150E333-8FDC-42A3-9474-1A3956D46DE8}") = "src", "src", "{1CFF909B-1990-4E2C-B511-BF513B57BF3A}"
EndProject
Project("{FAE04EC0-301F-11D3-BF4B-00C04F79EFBC}") = "Simple", "src\Simple\Simple.csproj", "{D1FA5646-CDE2-43D4-B270-D22CB9A93791}"
EndProject
Global
	GlobalSection(SolutionConfigurationPlatforms) = preSolution
		Debug|Any CPU = Debug|Any CPU
		Debug|x64 = Debug|x64
		Debug|x86 = Debug|x86
		Release|Any CPU = Release|Any CPU
		Release|x64 = Release|x64
		Release|x86 = Release|x86
	EndGlobalSection
	GlobalSection(SolutionProperties) = preSolution
		HideSolutionNode = FALSE
	EndGlobalSection
	GlobalSection(ProjectConfigurationPlatforms) = postSolution
		{D1FA5646-CDE2-43D4-B270-D22CB9A93791}.Debug|Any CPU.ActiveCfg = Debug|Any CPU
		{D1FA5646-CDE2-43D4-B270-D22CB9A93791}.Debug|Any CPU.Build.0 = Debug|Any CPU
		{D1FA5646-CDE2-43D4-B270-D22CB9A93791}.Debug|x64.ActiveCfg = Debug|Any CPU
		{D1FA5646-CDE2-43D4-B270-D22CB9A93791}.Debug|x64.Build.0 = Debug|Any CPU
		{D1FA5646-CDE2-43D4-B270-D22CB9A93791}.Debug|x86.ActiveCfg = Debug|Any CPU
		{D1FA5646-CDE2-43D4-B270-D22CB9A93791}.Debug|x86.Build.0 = Debug|Any CPU
		{D1FA5646-CDE2-43D4-B270-D22CB9A93791}.Release|Any CPU.ActiveCfg = Release|Any CPU
		{D1FA5646-CDE2-43D4-B270-D22CB9A93791}.Release|Any CPU.Build.0 = Release|Any CPU
		{D1FA5646-CDE2-43D4-B270-D22CB9A93791}.Release|x64.ActiveCfg = Release|Any CPU
		{D1FA5646-CDE2-43D4-B270-D22CB9A93791}.Release|x64.Build.0 = Release|Any CPU
		{D1FA5646-CDE2-43D4-B270-D22CB9A93791}.Release|x86.ActiveCfg = Release|Any CPU
		{D1FA5646-CDE2-43D4-B270-D22CB9A93791}.Release|x86.Build.0 = Release|Any CPU
	EndGlobalSection
	GlobalSection(NestedProjects) = preSolution
		{D1FA5646-CDE2-43D4-B270-D22CB9A93791} = {1CFF909B-1990-4E2C-B511-BF513B57BF3A}
	EndGlobalSection
EndGlobal
