
Microsoft Visual Studio Solution File, Format Version 12.00
# Visual Studio 15
VisualStudioVersion = 15.0.26124.0
MinimumVisualStudioVersion = 15.0.26124.0
Project("{2150E333-8FDC-42A3-9474-1A3956D46DE8}") = "src", "src", "{8B6B0F8F-CBD2-4467-96C0-471D9DB926F1}"
EndProject
Project("{9A19103F-16F7-4668-BE54-9A1E7A4F7556}") = "ClientCredentials", "src\ClientCredentials\ClientCredentials.csproj", "{B289B96C-5A36-455B-A7AD-6363AEC61FD6}"
EndProject
Project("{FAE04EC0-301F-11D3-BF4B-00C04F79EFBC}") = "ApiAuthorization", "src\ApiAuthorization\ApiAuthorization.csproj", "{1204F308-23A1-4723-AEDB-4F1278F5A00A}"
EndProject
Project("{9A19103F-16F7-4668-BE54-9A1E7A4F7556}") = "Client", "src\Client\Client.csproj", "{940B9EB9-DF2B-4E04-A860-4BD71B71F723}"
EndProject
Global
	GlobalSection(SolutionConfigurationPlatforms) = preSolution
		Debug|Any CPU = Debug|Any CPU
		Debug|x64 = Debug|x64
		Debug|x86 = Debug|x86
		Release|Any CPU = Release|Any CPU
		Release|x64 = Release|x64
		Release|x86 = Release|x86
	EndGlobalSection
	GlobalSection(ProjectConfigurationPlatforms) = postSolution
		{B289B96C-5A36-455B-A7AD-6363AEC61FD6}.Debug|Any CPU.ActiveCfg = Debug|Any CPU
		{B289B96C-5A36-455B-A7AD-6363AEC61FD6}.Debug|Any CPU.Build.0 = Debug|Any CPU
		{B289B96C-5A36-455B-A7AD-6363AEC61FD6}.Debug|x64.ActiveCfg = Debug|Any CPU
		{B289B96C-5A36-455B-A7AD-6363AEC61FD6}.Debug|x64.Build.0 = Debug|Any CPU
		{B289B96C-5A36-455B-A7AD-6363AEC61FD6}.Debug|x86.ActiveCfg = Debug|Any CPU
		{B289B96C-5A36-455B-A7AD-6363AEC61FD6}.Debug|x86.Build.0 = Debug|Any CPU
		{B289B96C-5A36-455B-A7AD-6363AEC61FD6}.Release|Any CPU.ActiveCfg = Release|Any CPU
		{B289B96C-5A36-455B-A7AD-6363AEC61FD6}.Release|Any CPU.Build.0 = Release|Any CPU
		{B289B96C-5A36-455B-A7AD-6363AEC61FD6}.Release|x64.ActiveCfg = Release|Any CPU
		{B289B96C-5A36-455B-A7AD-6363AEC61FD6}.Release|x64.Build.0 = Release|Any CPU
		{B289B96C-5A36-455B-A7AD-6363AEC61FD6}.Release|x86.ActiveCfg = Release|Any CPU
		{B289B96C-5A36-455B-A7AD-6363AEC61FD6}.Release|x86.Build.0 = Release|Any CPU
		{1204F308-23A1-4723-AEDB-4F1278F5A00A}.Debug|Any CPU.ActiveCfg = Debug|Any CPU
		{1204F308-23A1-4723-AEDB-4F1278F5A00A}.Debug|Any CPU.Build.0 = Debug|Any CPU
		{1204F308-23A1-4723-AEDB-4F1278F5A00A}.Debug|x64.ActiveCfg = Debug|Any CPU
		{1204F308-23A1-4723-AEDB-4F1278F5A00A}.Debug|x64.Build.0 = Debug|Any CPU
		{1204F308-23A1-4723-AEDB-4F1278F5A00A}.Debug|x86.ActiveCfg = Debug|Any CPU
		{1204F308-23A1-4723-AEDB-4F1278F5A00A}.Debug|x86.Build.0 = Debug|Any CPU
		{1204F308-23A1-4723-AEDB-4F1278F5A00A}.Release|Any CPU.ActiveCfg = Release|Any CPU
		{1204F308-23A1-4723-AEDB-4F1278F5A00A}.Release|Any CPU.Build.0 = Release|Any CPU
		{1204F308-23A1-4723-AEDB-4F1278F5A00A}.Release|x64.ActiveCfg = Release|Any CPU
		{1204F308-23A1-4723-AEDB-4F1278F5A00A}.Release|x64.Build.0 = Release|Any CPU
		{1204F308-23A1-4723-AEDB-4F1278F5A00A}.Release|x86.ActiveCfg = Release|Any CPU
		{1204F308-23A1-4723-AEDB-4F1278F5A00A}.Release|x86.Build.0 = Release|Any CPU
		{940B9EB9-DF2B-4E04-A860-4BD71B71F723}.Debug|Any CPU.ActiveCfg = Debug|Any CPU
		{940B9EB9-DF2B-4E04-A860-4BD71B71F723}.Debug|Any CPU.Build.0 = Debug|Any CPU
		{940B9EB9-DF2B-4E04-A860-4BD71B71F723}.Debug|x64.ActiveCfg = Debug|Any CPU
		{940B9EB9-DF2B-4E04-A860-4BD71B71F723}.Debug|x64.Build.0 = Debug|Any CPU
		{940B9EB9-DF2B-4E04-A860-4BD71B71F723}.Debug|x86.ActiveCfg = Debug|Any CPU
		{940B9EB9-DF2B-4E04-A860-4BD71B71F723}.Debug|x86.Build.0 = Debug|Any CPU
		{940B9EB9-DF2B-4E04-A860-4BD71B71F723}.Release|Any CPU.ActiveCfg = Release|Any CPU
		{940B9EB9-DF2B-4E04-A860-4BD71B71F723}.Release|Any CPU.Build.0 = Release|Any CPU
		{940B9EB9-DF2B-4E04-A860-4BD71B71F723}.Release|x64.ActiveCfg = Release|Any CPU
		{940B9EB9-DF2B-4E04-A860-4BD71B71F723}.Release|x64.Build.0 = Release|Any CPU
		{940B9EB9-DF2B-4E04-A860-4BD71B71F723}.Release|x86.ActiveCfg = Release|Any CPU
		{940B9EB9-DF2B-4E04-A860-4BD71B71F723}.Release|x86.Build.0 = Release|Any CPU
	EndGlobalSection
	GlobalSection(SolutionProperties) = preSolution
		HideSolutionNode = FALSE
	EndGlobalSection
	GlobalSection(NestedProjects) = preSolution
		{B289B96C-5A36-455B-A7AD-6363AEC61FD6} = {8B6B0F8F-CBD2-4467-96C0-471D9DB926F1}
		{1204F308-23A1-4723-AEDB-4F1278F5A00A} = {8B6B0F8F-CBD2-4467-96C0-471D9DB926F1}
		{940B9EB9-DF2B-4E04-A860-4BD71B71F723} = {8B6B0F8F-CBD2-4467-96C0-471D9DB926F1}
	EndGlobalSection
	GlobalSection(ExtensibilityGlobals) = postSolution
		SolutionGuid = {9DDEF56B-9196-4B2B-887D-4AF315E5E363}
	EndGlobalSection
EndGlobal
